
Microsoft Visual Studio Solution File, Format Version 12.00
# Visual Studio 15
VisualStudioVersion = 15.0.28010.2046
MinimumVisualStudioVersion = 10.0.40219.1
Project("{FAE04EC0-301F-11D3-BF4B-00C04F79EFBC}") = "CRLibTests", "CRLibTests\CRLibTests.csproj", "{1531CB73-A817-4FC1-88FE-8765BF79B1E5}"
EndProject
Project("{FAE04EC0-301F-11D3-BF4B-00C04F79EFBC}") = "ClanAdmin", "ClanAdmin\ClanAdmin.csproj", "{AEED978F-68E4-4E16-A1F9-1861EA799A67}"
EndProject
Project("{FAE04EC0-301F-11D3-BF4B-00C04F79EFBC}") = "CRLib", "CRLib\CRLib.csproj", "{F7695565-1C32-4BF0-9C51-D6A6D579A70A}"
EndProject
Global
	GlobalSection(SolutionConfigurationPlatforms) = preSolution
		Debug|Any CPU = Debug|Any CPU
		Release|Any CPU = Release|Any CPU
	EndGlobalSection
	GlobalSection(ProjectConfigurationPlatforms) = postSolution
		{1531CB73-A817-4FC1-88FE-8765BF79B1E5}.Debug|Any CPU.ActiveCfg = Debug|Any CPU
		{1531CB73-A817-4FC1-88FE-8765BF79B1E5}.Debug|Any CPU.Build.0 = Debug|Any CPU
		{1531CB73-A817-4FC1-88FE-8765BF79B1E5}.Release|Any CPU.ActiveCfg = Release|Any CPU
		{1531CB73-A817-4FC1-88FE-8765BF79B1E5}.Release|Any CPU.Build.0 = Release|Any CPU
		{AEED978F-68E4-4E16-A1F9-1861EA799A67}.Debug|Any CPU.ActiveCfg = Debug|Any CPU
		{AEED978F-68E4-4E16-A1F9-1861EA799A67}.Debug|Any CPU.Build.0 = Debug|Any CPU
		{AEED978F-68E4-4E16-A1F9-1861EA799A67}.Release|Any CPU.ActiveCfg = Release|Any CPU
		{AEED978F-68E4-4E16-A1F9-1861EA799A67}.Release|Any CPU.Build.0 = Release|Any CPU
		{F7695565-1C32-4BF0-9C51-D6A6D579A70A}.Debug|Any CPU.ActiveCfg = Debug|Any CPU
		{F7695565-1C32-4BF0-9C51-D6A6D579A70A}.Debug|Any CPU.Build.0 = Debug|Any CPU
		{F7695565-1C32-4BF0-9C51-D6A6D579A70A}.Release|Any CPU.ActiveCfg = Release|Any CPU
		{F7695565-1C32-4BF0-9C51-D6A6D579A70A}.Release|Any CPU.Build.0 = Release|Any CPU
	EndGlobalSection
	GlobalSection(SolutionProperties) = preSolution
		HideSolutionNode = FALSE
	EndGlobalSection
	GlobalSection(ExtensibilityGlobals) = postSolution
		SolutionGuid = {D5C7996C-C8EF-41A2-8081-6ACCDD9E408D}
	EndGlobalSection
EndGlobal
